# THIS IS AN AUTOGENERATED FILE. DO NOT EDIT THIS FILE DIRECTLY.
# yarn lockfile v1


"@tarojs/api@4.0.9":
  version "4.0.9"
  resolved "https://registry.npmmirror.com/@tarojs/api/-/api-4.0.9.tgz#b7fe2d43bf510fdea7b9ab3800c2d8bec17b72b8"
  integrity sha512-yoMXfEsz5vQ9Dki+QnsmSCX30p8yXSbMwTPjK/LpsqbyOsfhurll3O2HhIPymCpixCXlTgf7jqSNTcnVhgNDpQ==

"@tarojs/runtime@4.0.9":
  version "4.0.9"
  resolved "https://registry.npmmirror.com/@tarojs/runtime/-/runtime-4.0.9.tgz#22e4125db85b140458c74095004628a0127c4120"
  integrity sha512-79DzsMyo+BZbTVKfY7yXXc0MfqrDhoWhYazr0PV+UJeuloQ/DUXU5Uq9Y7kXh9Q42Sk2NvM25ilavVidneRLZQ==
  dependencies:
    "@tarojs/shared" "4.0.9"
    tslib "^2.6.2"

"@tarojs/shared@4.0.9":
  version "4.0.9"
  resolved "https://registry.npmmirror.com/@tarojs/shared/-/shared-4.0.9.tgz#a90ecf514495b528dd7ee7bdb2eeaf856cbab4a1"
  integrity sha512-IJzlMysQte/X/46ETIN2wF/AuUbGBgPFrt5ALU6hQTyQuYHspAajYlzvgNPhvviVvkPpze+DF27ZpSa87Mk0vg==

"@tarojs/taro@^4.0.7":
  version "4.0.9"
  resolved "https://registry.npmmirror.com/@tarojs/taro/-/taro-4.0.9.tgz#629d05ff5dc3631be1efe91331faceb95b1cda46"
  integrity sha512-61Y0lmFu9fjrpBSdeI2gKPx0gtQPk4ulQ1RAUkiCusP9XrgpgV37dJRbV/tULXG3ajdG0qt5my99gfjGVZdvAA==
  dependencies:
    "@tarojs/api" "4.0.9"
    "@tarojs/runtime" "4.0.9"
    "@types/postcss-url" "^10.0.4"

"@types/node@*":
  version "22.13.4"
  resolved "https://registry.npmmirror.com/@types/node/-/node-22.13.4.tgz#3fe454d77cd4a2d73c214008b3e331bfaaf5038a"
  integrity sha512-ywP2X0DYtX3y08eFVx5fNIw7/uIv8hYUKgXoK8oayJlLnKcRfEYCxWMVE1XagUdVtCJlZT1AU4LXEABW+L1Peg==
  dependencies:
    undici-types "~6.20.0"

"@types/postcss-url@^10.0.4":
  version "10.0.4"
  resolved "https://registry.npmmirror.com/@types/postcss-url/-/postcss-url-10.0.4.tgz#4403bfcd3257c1380f04a6b81eb78e06a2a354d9"
  integrity sha512-5QIO9NgbWmAkle65haRqkdgYPCOXheNsaFdbTJJQjT302yK3H49ql4t9a4y0NfpuPtU/UBo15VcV64WCSIMJKg==
  dependencies:
    "@types/node" "*"
    postcss "^8.0.0"

"@types/prop-types@*":
  version "15.7.14"
  resolved "https://registry.npmmirror.com/@types/prop-types/-/prop-types-15.7.14.tgz#1433419d73b2a7ebfc6918dcefd2ec0d5cd698f2"
  integrity sha512-gNMvNH49DJ7OJYv+KAKn0Xp45p8PLl6zo2YnvDIbTd4J6MER2BmWN49TG7n9LvkyihINxeKW8+3bfS2yDC9dzQ==

"@types/react@^18.3.12":
  version "18.3.18"
  resolved "https://registry.npmmirror.com/@types/react/-/react-18.3.18.tgz#9b382c4cd32e13e463f97df07c2ee3bbcd26904b"
  integrity sha512-t4yC+vtgnkYjNSKlFx1jkAhH8LgTo2N/7Qvi83kdEaUtMDiwpbLAktKDaAMlRcJ5eSxZkH74eEGt1ky31d7kfQ==
  dependencies:
    "@types/prop-types" "*"
    csstype "^3.0.2"

"@yd/fetch@https://github.com/herowyd1994/yd-fetch.git":
  version "1.0.1"
  resolved "https://github.com/herowyd1994/yd-fetch.git#73a61c48050f6e4c2cb53c10d500e6839df76d7b"
  dependencies:
    "@yd/utils" "https://github.com/herowyd1994/yd-utils.git"

"@yd/r-hooks@https://github.com/herowyd1994/yd-r-hooks.git":
  version "1.0.1"
  resolved "https://github.com/herowyd1994/yd-r-hooks.git#cbc6933bc79b56e59036204f308c60dbe876cf16"
  dependencies:
    "@yd/utils" "https://github.com/herowyd1994/yd-utils.git"

"@yd/taro-utils@https://github.com/herowyd1994/yd-taro-utils.git":
  version "1.0.1"
  resolved "https://github.com/herowyd1994/yd-taro-utils.git#980ff2adc958c2e6e89e215264d9c5894fbe58dd"
  dependencies:
    "@yd/utils" "https://github.com/herowyd1994/yd-utils.git"

"@yd/utils@https://github.com/herowyd1994/yd-utils.git":
  version "1.0.1"
  resolved "https://github.com/herowyd1994/yd-utils.git#fcffed7ab31d181273672c67e6a9f6f336e01c8b"

csstype@^3.0.2:
  version "3.1.3"
  resolved "https://registry.npmmirror.com/csstype/-/csstype-3.1.3.tgz#d80ff294d114fb0e6ac500fbf85b60137d7eff81"
  integrity sha512-M1uQkMl8rQK/szD0LNhtqxIPLpimGm8sOBwU7lLnCpSbTyY3yeU1Vc7l4KT5zT4s/yOxHH5O7tIuuLOCnLADRw==

nanoid@^3.3.8:
  version "3.3.8"
  resolved "https://registry.npmmirror.com/nanoid/-/nanoid-3.3.8.tgz#b1be3030bee36aaff18bacb375e5cce521684baf"
  integrity sha512-WNLf5Sd8oZxOm+TzppcYk8gVOgP+l58xNy58D0nbUnOxOWRWvlcCV4kUF7ltmI6PsrLl/BgKEyS4mqsGChFN0w==

picocolors@^1.1.1:
  version "1.1.1"
  resolved "https://registry.npmmirror.com/picocolors/-/picocolors-1.1.1.tgz#3d321af3eab939b083c8f929a1d12cda81c26b6b"
  integrity sha512-xceH2snhtb5M9liqDsmEw56le376mTZkEX/jEb/RxNFyegNul7eNslCXP9FDj/Lcu0X8KEyMceP2ntpaHrDEVA==

postcss@^8.0.0:
  version "8.5.2"
  resolved "https://registry.npmmirror.com/postcss/-/postcss-8.5.2.tgz#e7b99cb9d2ec3e8dd424002e7c16517cb2b846bd"
  integrity sha512-MjOadfU3Ys9KYoX0AdkBlFEF1Vx37uCCeN4ZHnmwm9FfpbsGWMZeBLMmmpY+6Ocqod7mkdZ0DT31OlbsFrLlkA==
  dependencies:
    nanoid "^3.3.8"
    picocolors "^1.1.1"
    source-map-js "^1.2.1"

prettier@^3.3.3:
  version "3.5.1"
  resolved "https://registry.npmmirror.com/prettier/-/prettier-3.5.1.tgz#22fac9d0b18c0b92055ac8fb619ac1c7bef02fb7"
  integrity sha512-hPpFQvHwL3Qv5AdRvBFMhnKo4tYxp0ReXiPn2bxkiohEX6mBeBwEpBSQTkD458RaaDKQMYSp4hX4UtfUTA5wDw==

source-map-js@^1.2.1:
  version "1.2.1"
  resolved "https://registry.npmmirror.com/source-map-js/-/source-map-js-1.2.1.tgz#1ce5650fddd87abc099eda37dcff024c2667ae46"
  integrity sha512-UXWMKhLOwVKb728IUtQPXxfYU+usdybtUrK/8uGE8CQMvrhOpwvzDBwj0QhSL7MQc7vIsISBG8VQ8+IDQxpfQA==

tslib@^2.6.2:
  version "2.8.1"
  resolved "https://registry.npmmirror.com/tslib/-/tslib-2.8.1.tgz#612efe4ed235d567e8aba5f2a5fab70280ade83f"
  integrity sha512-oJFu94HQb+KVduSUQL7wnpmqnfmLsOA/nAh6b6EH0wCEoK0/mPeXU6c3wKDV83MkOuHPRHtSXKKU99IBazS/2w==

typescript@^5.6.3:
  version "5.7.3"
  resolved "https://registry.npmmirror.com/typescript/-/typescript-5.7.3.tgz#919b44a7dbb8583a9b856d162be24a54bf80073e"
  integrity sha512-84MVSjMEHP+FQRPy3pX9sTVV/INIex71s9TL2Gm5FG/WG1SqXeKyZ0k7/blY/4FdOzI12CBy1vGc4og/eus0fw==

undici-types@~6.20.0:
  version "6.20.0"
  resolved "https://registry.npmmirror.com/undici-types/-/undici-types-6.20.0.tgz#8171bf22c1f588d1554d55bf204bc624af388433"
  integrity sha512-Ny6QZ2Nju20vw1SRHe3d9jVu6gJ+4e3+MMpqu7pqE5HT6WsTSlce++GQmK5UXS8mzV8DSYHrQH+Xrf2jVcuKNg==
